{
  "lockfileVersion": 2,
  "configVersion": 1,
  "workspaces": {
    "": {
      "devDependencies": {
        "better-sqlite3": "^13.0.3",
      },
    },
  },
  "packages": {
    "better-sqlite3": ["better-sqlite3@13.0.3", "", { "dependencies": { "node-addon-api": "^8.0.0" } }, "sha512-RbOBxmLBG8uvFUc15X9+9SFemKcQ0WBuISBVkpuiaUB2qblC8UWlHEjdWVoZ8AdhSwmoEgsiXKfopX0CQxaACQ=="],

    "node-addon-api": ["node-addon-api@8.9.2", "", {}, "sha512-VijLXbi3UACN69I0JVXJsX4tjACjNoQDgv2gTF6sx2wWEi8tkSg2eX8p5gSIFi8z2+DL3oHmY6OyKce38SDolg=="],
  }
}
